{"format_version":"1.2","terraform_version":"1.5.5","variables":{"attached_drg_id":{"value":null},"compartment_id":{"value":"ocid1.compartment.oc1..aaaaaaaaoelxgznolu5rxuvmtvcyxo5zhbwyyyicdtpg7sjivrffkdcwarya"},"create_internet_gateway":{"value":true},"create_nat_gateway":{"value":true},"create_service_gateway":{"value":true},"defined_tags":{"value":{"Operations.CostCenter":"42"}},"enable_ipv6":{"value":false},"freeform_tags":{"value":{"environment":"dev"}},"internet_gateway_display_name":{"value":"internet-gateway"},"internet_gateway_route_rules":{"value":[{"description":"Terraformed - User added Routing Rule: To drg provided to this module. drg_id, if available, is automatically retrieved with keyword drg","destination":"192.168.0.0/16","destination_type":"CIDR_BLOCK","network_entity_id":"drg"},{"description":"Terraformed - User added Routing Rule: To drg provided to this module. drg_id, if available, is automatically retrieved with keyword drg","destination":"172.16.0.0/16","destination_type":"CIDR_BLOCK","network_entity_id":"drg"},{"description":"Terraformed - User added Routing Rule: To Internet Gateway created by this module. internet_gateway_id is automatically retrieved with keyword internet_gateway","destination":"203.0.113.0/24","destination_type":"CIDR_BLOCK","network_entity_id":"internet_gateway"}]},"label_prefix":{"value":"none"},"local_peering_gateways":{"value":null},"lockdown_default_seclist":{"value":true},"nat_gateway_display_name":{"value":"nat-gateway"},"nat_gateway_public_ip_id":{"value":"none"},"nat_gateway_route_rules":{"value":[{"description":"Terraformed - User added Routing Rule: To drg provided to this module. drg_id, if available, is automatically retrieved with keyword drg","destination":"192.168.0.0/16","destination_type":"CIDR_BLOCK","network_entity_id":"drg"},{"description":"Terraformed - User added Routing Rule: To NAT Gateway created by this module. nat_gateway_id is automatically retrieved with keyword nat_gateway","destination":"203.0.113.0/24","destination_type":"CIDR_BLOCK","network_entity_id":"nat_gateway"}]},"region":{"value":"ap-mumbai-1"},"service_gateway_display_name":{"value":"service-gateway"},"subnets":{"value":{"sub1":{"cidr_block":"10.0.4.0/24","name":"subnet1"},"sub2":{"cidr_block":"10.0.5.0/24","type":"private"}}},"vcn_cidrs":{"value":["10.0.0.0/16"]},"vcn_dns_label":{"value":"vcn"},"vcn_name":{"value":"ds-vcn"}},"planned_values":{"outputs":{"ig_route_all_attributes":{"sensitive":false},"ig_route_id":{"sensitive":false},"internet_gateway_all_attributes":{"sensitive":false},"internet_gateway_id":{"sensitive":false},"lpg_all_attributes":{"sensitive":false,"type":["object",{}],"value":{}},"nat_gateway_all_attributes":{"sensitive":false},"nat_gateway_id":{"sensitive":false},"nat_route_all_attributes":{"sensitive":false},"nat_route_id":{"sensitive":false},"service_gateway_all_attributes":{"sensitive":false},"service_gateway_id":{"sensitive":false},"sgw_route_id":{"sensitive":false},"subnet_all_attributes":{"sensitive":false},"subnet_id":{"sensitive":false},"vcn_all_attributes":{"sensitive":false},"vcn_id":{"sensitive":false}},"root_module":{"resources":[{"address":"oci_core_default_security_list.restore_default[0]","mode":"managed","type":"oci_core_default_security_list","name":"restore_default","index":0,"provider_name":"registry.terraform.io/oracle/oci","schema_version":0,"values":{"egress_security_rules":[{"destination":"0.0.0.0/0","icmp_options":[],"protocol":"all","tcp_options":[],"udp_options":[]}],"ingress_security_rules":[{"icmp_options":[{"code":-1,"type":3}],"protocol":"1","source":"10.0.0.0/16","stateless":false,"tcp_options":[],"udp_options":[]},{"icmp_options":[{"code":4,"type":3}],"protocol":"1","source":"0.0.0.0/0","stateless":false,"tcp_options":[],"udp_options":[]},{"icmp_options":[],"protocol":"6","source":"0.0.0.0/0","stateless":false,"tcp_options":[{"max":1521,"min":1521,"source_port_range":[]}],"udp_options":[]},{"icmp_options":[],"protocol":"6","source":"0.0.0.0/0","stateless":false,"tcp_options":[{"max":22,"min":22,"source_port_range":[]}],"udp_options":[]},{"icmp_options":[],"protocol":"6","source":"0.0.0.0/0","stateless":false,"tcp_options":[{"max":3306,"min":3306,"source_port_range":[]}],"udp_options":[]}],"timeouts":null},"sensitive_values":{"defined_tags":{},"egress_security_rules":[{"icmp_options":[],"tcp_options":[],"udp_options":[]}],"freeform_tags":{},"ingress_security_rules":[{"icmp_options":[{}],"tcp_options":[],"udp_options":[]},{"icmp_options":[{}],"tcp_options":[],"udp_options":[]},{"icmp_options":[],"tcp_options":[{"source_port_range":[]}],"udp_options":[]},{"icmp_options":[],"tcp_options":[{"source_port_range":[]}],"udp_options":[]},{"icmp_options":[],"tcp_options":[{"source_port_range":[]}],"udp_options":[]}]}},{"address":"oci_core_internet_gateway.ig[0]","mode":"managed","type":"oci_core_internet_gateway","name":"ig","index":0,"provider_name":"registry.terraform.io/oracle/oci","schema_version":0,"values":{"compartment_id":"ocid1.compartment.oc1..aaaaaaaaoelxgznolu5rxuvmtvcyxo5zhbwyyyicdtpg7sjivrffkdcwarya","defined_tags":{"Operations.CostCenter":"42"},"display_name":"internet-gateway","enabled":true,"freeform_tags":{"environment":"dev"},"timeouts":null},"sensitive_values":{"defined_tags":{},"freeform_tags":{}}},{"address":"oci_core_nat_gateway.nat_gateway[0]","mode":"managed","type":"oci_core_nat_gateway","name":"nat_gateway","index":0,"provider_name":"registry.terraform.io/oracle/oci","schema_version":0,"values":{"compartment_id":"ocid1.compartment.oc1..aaaaaaaaoelxgznolu5rxuvmtvcyxo5zhbwyyyicdtpg7sjivrffkdcwarya","defined_tags":{"Operations.CostCenter":"42"},"display_name":"nat-gateway","freeform_tags":{"environment":"dev"},"timeouts":null},"sensitive_values":{"defined_tags":{},"freeform_tags":{}}},{"address":"oci_core_route_table.ig[0]","mode":"managed","type":"oci_core_route_table","name":"ig","index":0,"provider_name":"registry.terraform.io/oracle/oci","schema_version":0,"values":{"compartment_id":"ocid1.compartment.oc1..aaaaaaaaoelxgznolu5rxuvmtvcyxo5zhbwyyyicdtpg7sjivrffkdcwarya","defined_tags":{"Operations.CostCenter":"42"},"display_name":"internet-route","freeform_tags":{"environment":"dev"},"route_rules":[{"description":"Terraformed - Auto-generated at Internet Gateway creation: Internet Gateway as default gateway","destination":"0.0.0.0/0"},{"description":"Terraformed - User added Routing Rule: To Internet Gateway created by this module. internet_gateway_id is automatically retrieved with keyword internet_gateway","destination":"203.0.113.0/24","destination_type":"CIDR_BLOCK"}],"timeouts":null},"sensitive_values":{"defined_tags":{},"freeform_tags":{},"route_rules":[{},{}]}},{"address":"oci_core_route_table.nat[0]","mode":"managed","type":"oci_core_route_table","name":"nat","index":0,"provider_name":"registry.terraform.io/oracle/oci","schema_version":0,"values":{"compartment_id":"ocid1.compartment.oc1..aaaaaaaaoelxgznolu5rxuvmtvcyxo5zhbwyyyicdtpg7sjivrffkdcwarya","defined_tags":{"Operations.CostCenter":"42"},"display_name":"nat-route","freeform_tags":{"environment":"dev"},"route_rules":[{"description":"Terraformed - Auto-generated at NAT Gateway creation: NAT Gateway as default gateway","destination":"0.0.0.0/0","destination_type":"CIDR_BLOCK"},{"description":"Terraformed - User added Routing Rule: To NAT Gateway created by this module. nat_gateway_id is automatically retrieved with keyword nat_gateway","destination":"203.0.113.0/24","destination_type":"CIDR_BLOCK"}],"timeouts":null},"sensitive_values":{"defined_tags":{},"freeform_tags":{},"route_rules":[{},{}]}},{"address":"oci_core_route_table.service_gw[0]","mode":"managed","type":"oci_core_route_table","name":"service_gw","index":0,"provider_name":"registry.terraform.io/oracle/oci","schema_version":0,"values":{"compartment_id":"ocid1.compartment.oc1..aaaaaaaaoelxgznolu5rxuvmtvcyxo5zhbwyyyicdtpg7sjivrffkdcwarya","defined_tags":{"Operations.CostCenter":"42"},"display_name":"service-gw-route","freeform_tags":{"environment":"dev"},"route_rules":[{"description":"Terraformed - Auto-generated at Service Gateway creation: All Services in region to Service Gateway","destination":"all-bom-services-in-oracle-services-network","destination_type":"SERVICE_CIDR_BLOCK"}],"timeouts":null},"sensitive_values":{"defined_tags":{},"freeform_tags":{},"route_rules":[{}]}},{"address":"oci_core_service_gateway.service_gateway[0]","mode":"managed","type":"oci_core_service_gateway","name":"service_gateway","index":0,"provider_name":"registry.terraform.io/oracle/oci","schema_version":0,"values":{"compartment_id":"ocid1.compartment.oc1..aaaaaaaaoelxgznolu5rxuvmtvcyxo5zhbwyyyicdtpg7sjivrffkdcwarya","defined_tags":{"Operations.CostCenter":"42"},"display_name":"service-gateway","freeform_tags":{"environment":"dev"},"services":[{"service_id":"ocid1.service.oc1.ap-mumbai-1.aaaaaaaalgcbq3vrynslsik576exhjek25p2j5abr6fpcrrsfr4d6h27jikq"}],"timeouts":null},"sensitive_values":{"defined_tags":{},"freeform_tags":{},"services":[{}]}},{"address":"oci_core_vcn.vcn","mode":"managed","type":"oci_core_vcn","name":"vcn","provider_name":"registry.terraform.io/oracle/oci","schema_version":0,"values":{"cidr_blocks":["10.0.0.0/16"],"compartment_id":"ocid1.compartment.oc1..aaaaaaaaoelxgznolu5rxuvmtvcyxo5zhbwyyyicdtpg7sjivrffkdcwarya","defined_tags":{"Operations.CostCenter":"42"},"display_name":"ds-vcn","dns_label":"vcn","freeform_tags":{"environment":"dev"},"is_ipv6enabled":false,"timeouts":null},"sensitive_values":{"byoipv6cidr_blocks":[],"byoipv6cidr_details":[],"cidr_blocks":[false],"defined_tags":{},"freeform_tags":{},"ipv6cidr_blocks":[],"ipv6private_cidr_blocks":[]}}],"child_modules":[{"resources":[{"address":"module.subnet[0].data.oci_core_dhcp_options.dhcp_options","mode":"data","type":"oci_core_dhcp_options","name":"dhcp_options","provider_name":"registry.terraform.io/oracle/oci","schema_version":0,"values":{"compartment_id":"ocid1.compartment.oc1..aaaaaaaaoelxgznolu5rxuvmtvcyxo5zhbwyyyicdtpg7sjivrffkdcwarya","display_name":null,"filter":[],"state":null},"sensitive_values":{"filter":[],"options":[]}},{"address":"module.subnet[0].oci_core_subnet.vcn_subnet[\"sub1\"]","mode":"managed","type":"oci_core_subnet","name":"vcn_subnet","index":"sub1","provider_name":"registry.terraform.io/oracle/oci","schema_version":0,"values":{"cidr_block":"10.0.4.0/24","compartment_id":"ocid1.compartment.oc1..aaaaaaaaoelxgznolu5rxuvmtvcyxo5zhbwyyyicdtpg7sjivrffkdcwarya","display_name":"subnet1","freeform_tags":{"environment":"dev"},"prohibit_public_ip_on_vnic":false,"timeouts":null},"sensitive_values":{"defined_tags":{},"freeform_tags":{},"ipv6cidr_blocks":[],"security_list_ids":[]}},{"address":"module.subnet[0].oci_core_subnet.vcn_subnet[\"sub2\"]","mode":"managed","type":"oci_core_subnet","name":"vcn_subnet","index":"sub2","provider_name":"registry.terraform.io/oracle/oci","schema_version":0,"values":{"cidr_block":"10.0.5.0/24","compartment_id":"ocid1.compartment.oc1..aaaaaaaaoelxgznolu5rxuvmtvcyxo5zhbwyyyicdtpg7sjivrffkdcwarya","display_name":"sub2","freeform_tags":{"environment":"dev"},"prohibit_public_ip_on_vnic":true,"timeouts":null},"sensitive_values":{"defined_tags":{},"freeform_tags":{},"ipv6cidr_blocks":[],"security_list_ids":[]}}],"address":"module.subnet[0]"}]}},"resource_changes":[{"address":"oci_core_default_security_list.restore_default[0]","mode":"managed","type":"oci_core_default_security_list","name":"restore_default","index":0,"provider_name":"registry.terraform.io/oracle/oci","change":{"actions":["create"],"before":null,"after":{"egress_security_rules":[{"destination":"0.0.0.0/0","icmp_options":[],"protocol":"all","tcp_options":[],"udp_options":[]}],"ingress_security_rules":[{"icmp_options":[{"code":-1,"type":3}],"protocol":"1","source":"10.0.0.0/16","stateless":false,"tcp_options":[],"udp_options":[]},{"icmp_options":[{"code":4,"type":3}],"protocol":"1","source":"0.0.0.0/0","stateless":false,"tcp_options":[],"udp_options":[]},{"icmp_options":[],"protocol":"6","source":"0.0.0.0/0","stateless":false,"tcp_options":[{"max":1521,"min":1521,"source_port_range":[]}],"udp_options":[]},{"icmp_options":[],"protocol":"6","source":"0.0.0.0/0","stateless":false,"tcp_options":[{"max":22,"min":22,"source_port_range":[]}],"udp_options":[]},{"icmp_options":[],"protocol":"6","source":"0.0.0.0/0","stateless":false,"tcp_options":[{"max":3306,"min":3306,"source_port_range":[]}],"udp_options":[]}],"timeouts":null},"after_unknown":{"compartment_id":true,"defined_tags":true,"display_name":true,"egress_security_rules":[{"description":true,"destination_type":true,"icmp_options":[],"stateless":true,"tcp_options":[],"udp_options":[]}],"freeform_tags":true,"id":true,"ingress_security_rules":[{"description":true,"icmp_options":[{}],"source_type":true,"tcp_options":[],"udp_options":[]},{"description":true,"icmp_options":[{}],"source_type":true,"tcp_options":[],"udp_options":[]},{"description":true,"icmp_options":[],"source_type":true,"tcp_options":[{"source_port_range":[]}],"udp_options":[]},{"description":true,"icmp_options":[],"source_type":true,"tcp_options":[{"source_port_range":[]}],"udp_options":[]},{"description":true,"icmp_options":[],"source_type":true,"tcp_options":[{"source_port_range":[]}],"udp_options":[]}],"manage_default_resource_id":true,"state":true,"time_created":true},"before_sensitive":false,"after_sensitive":{"defined_tags":{},"egress_security_rules":[{"icmp_options":[],"tcp_options":[],"udp_options":[]}],"freeform_tags":{},"ingress_security_rules":[{"icmp_options":[{}],"tcp_options":[],"udp_options":[]},{"icmp_options":[{}],"tcp_options":[],"udp_options":[]},{"icmp_options":[],"tcp_options":[{"source_port_range":[]}],"udp_options":[]},{"icmp_options":[],"tcp_options":[{"source_port_range":[]}],"udp_options":[]},{"icmp_options":[],"tcp_options":[{"source_port_range":[]}],"udp_options":[]}]}}},{"address":"oci_core_internet_gateway.ig[0]","mode":"managed","type":"oci_core_internet_gateway","name":"ig","index":0,"provider_name":"registry.terraform.io/oracle/oci","change":{"actions":["create"],"before":null,"after":{"compartment_id":"ocid1.compartment.oc1..aaaaaaaaoelxgznolu5rxuvmtvcyxo5zhbwyyyicdtpg7sjivrffkdcwarya","defined_tags":{"Operations.CostCenter":"42"},"display_name":"internet-gateway","enabled":true,"freeform_tags":{"environment":"dev"},"timeouts":null},"after_unknown":{"defined_tags":{},"freeform_tags":{},"id":true,"route_table_id":true,"state":true,"time_created":true,"vcn_id":true},"before_sensitive":false,"after_sensitive":{"defined_tags":{},"freeform_tags":{}}}},{"address":"oci_core_nat_gateway.nat_gateway[0]","mode":"managed","type":"oci_core_nat_gateway","name":"nat_gateway","index":0,"provider_name":"registry.terraform.io/oracle/oci","change":{"actions":["create"],"before":null,"after":{"compartment_id":"ocid1.compartment.oc1..aaaaaaaaoelxgznolu5rxuvmtvcyxo5zhbwyyyicdtpg7sjivrffkdcwarya","defined_tags":{"Operations.CostCenter":"42"},"display_name":"nat-gateway","freeform_tags":{"environment":"dev"},"timeouts":null},"after_unknown":{"block_traffic":true,"defined_tags":{},"freeform_tags":{},"id":true,"nat_ip":true,"public_ip_id":true,"route_table_id":true,"state":true,"time_created":true,"vcn_id":true},"before_sensitive":false,"after_sensitive":{"defined_tags":{},"freeform_tags":{}}}},{"address":"oci_core_route_table.ig[0]","mode":"managed","type":"oci_core_route_table","name":"ig","index":0,"provider_name":"registry.terraform.io/oracle/oci","change":{"actions":["create"],"before":null,"after":{"compartment_id":"ocid1.compartment.oc1..aaaaaaaaoelxgznolu5rxuvmtvcyxo5zhbwyyyicdtpg7sjivrffkdcwarya","defined_tags":{"Operations.CostCenter":"42"},"display_name":"internet-route","freeform_tags":{"environment":"dev"},"route_rules":[{"description":"Terraformed - Auto-generated at Internet Gateway creation: Internet Gateway as default gateway","destination":"0.0.0.0/0"},{"description":"Terraformed - User added Routing Rule: To Internet Gateway created by this module. internet_gateway_id is automatically retrieved with keyword internet_gateway","destination":"203.0.113.0/24","destination_type":"CIDR_BLOCK"}],"timeouts":null},"after_unknown":{"defined_tags":{},"freeform_tags":{},"id":true,"route_rules":[{"cidr_block":true,"destination_type":true,"network_entity_id":true,"route_type":true},{"cidr_block":true,"network_entity_id":true,"route_type":true}],"state":true,"time_created":true,"vcn_id":true},"before_sensitive":false,"after_sensitive":{"defined_tags":{},"freeform_tags":{},"route_rules":[{},{}]}}},{"address":"oci_core_route_table.nat[0]","mode":"managed","type":"oci_core_route_table","name":"nat","index":0,"provider_name":"registry.terraform.io/oracle/oci","change":{"actions":["create"],"before":null,"after":{"compartment_id":"ocid1.compartment.oc1..aaaaaaaaoelxgznolu5rxuvmtvcyxo5zhbwyyyicdtpg7sjivrffkdcwarya","defined_tags":{"Operations.CostCenter":"42"},"display_name":"nat-route","freeform_tags":{"environment":"dev"},"route_rules":[{"description":"Terraformed - Auto-generated at NAT Gateway creation: NAT Gateway as default gateway","destination":"0.0.0.0/0","destination_type":"CIDR_BLOCK"},{"description":"Terraformed - User added Routing Rule: To NAT Gateway created by this module. nat_gateway_id is automatically retrieved with keyword nat_gateway","destination":"203.0.113.0/24","destination_type":"CIDR_BLOCK"}],"timeouts":null},"after_unknown":{"defined_tags":{},"freeform_tags":{},"id":true,"route_rules":[{"cidr_block":true,"network_entity_id":true,"route_type":true},{"cidr_block":true,"network_entity_id":true,"route_type":true}],"state":true,"time_created":true,"vcn_id":true},"before_sensitive":false,"after_sensitive":{"defined_tags":{},"freeform_tags":{},"route_rules":[{},{}]}}},{"address":"oci_core_route_table.service_gw[0]","mode":"managed","type":"oci_core_route_table","name":"service_gw","index":0,"provider_name":"registry.terraform.io/oracle/oci","change":{"actions":["create"],"before":null,"after":{"compartment_id":"ocid1.compartment.oc1..aaaaaaaaoelxgznolu5rxuvmtvcyxo5zhbwyyyicdtpg7sjivrffkdcwarya","defined_tags":{"Operations.CostCenter":"42"},"display_name":"service-gw-route","freeform_tags":{"environment":"dev"},"route_rules":[{"description":"Terraformed - Auto-generated at Service Gateway creation: All Services in region to Service Gateway","destination":"all-bom-services-in-oracle-services-network","destination_type":"SERVICE_CIDR_BLOCK"}],"timeouts":null},"after_unknown":{"defined_tags":{},"freeform_tags":{},"id":true,"route_rules":[{"cidr_block":true,"network_entity_id":true,"route_type":true}],"state":true,"time_created":true,"vcn_id":true},"before_sensitive":false,"after_sensitive":{"defined_tags":{},"freeform_tags":{},"route_rules":[{}]}}},{"address":"oci_core_service_gateway.service_gateway[0]","mode":"managed","type":"oci_core_service_gateway","name":"service_gateway","index":0,"provider_name":"registry.terraform.io/oracle/oci","change":{"actions":["create"],"before":null,"after":{"compartment_id":"ocid1.compartment.oc1..aaaaaaaaoelxgznolu5rxuvmtvcyxo5zhbwyyyicdtpg7sjivrffkdcwarya","defined_tags":{"Operations.CostCenter":"42"},"display_name":"service-gateway","freeform_tags":{"environment":"dev"},"services":[{"service_id":"ocid1.service.oc1.ap-mumbai-1.aaaaaaaalgcbq3vrynslsik576exhjek25p2j5abr6fpcrrsfr4d6h27jikq"}],"timeouts":null},"after_unknown":{"block_traffic":true,"defined_tags":{},"freeform_tags":{},"id":true,"route_table_id":true,"services":[{"service_name":true}],"state":true,"time_created":true,"vcn_id":true},"before_sensitive":false,"after_sensitive":{"defined_tags":{},"freeform_tags":{},"services":[{}]}}},{"address":"oci_core_vcn.vcn","mode":"managed","type":"oci_core_vcn","name":"vcn","provider_name":"registry.terraform.io/oracle/oci","change":{"actions":["create"],"before":null,"after":{"cidr_blocks":["10.0.0.0/16"],"compartment_id":"ocid1.compartment.oc1..aaaaaaaaoelxgznolu5rxuvmtvcyxo5zhbwyyyicdtpg7sjivrffkdcwarya","defined_tags":{"Operations.CostCenter":"42"},"display_name":"ds-vcn","dns_label":"vcn","freeform_tags":{"environment":"dev"},"is_ipv6enabled":false,"timeouts":null},"after_unknown":{"byoipv6cidr_blocks":true,"byoipv6cidr_details":true,"cidr_block":true,"cidr_blocks":[false],"default_dhcp_options_id":true,"default_route_table_id":true,"default_security_list_id":true,"defined_tags":{},"freeform_tags":{},"id":true,"ipv6cidr_blocks":true,"ipv6private_cidr_blocks":true,"is_oracle_gua_allocation_enabled":true,"state":true,"time_created":true,"vcn_domain_name":true},"before_sensitive":false,"after_sensitive":{"byoipv6cidr_blocks":[],"byoipv6cidr_details":[],"cidr_blocks":[false],"defined_tags":{},"freeform_tags":{},"ipv6cidr_blocks":[],"ipv6private_cidr_blocks":[]}}},{"address":"module.subnet[0].data.oci_core_dhcp_options.dhcp_options","module_address":"module.subnet[0]","mode":"data","type":"oci_core_dhcp_options","name":"dhcp_options","provider_name":"registry.terraform.io/oracle/oci","change":{"actions":["read"],"before":null,"after":{"compartment_id":"ocid1.compartment.oc1..aaaaaaaaoelxgznolu5rxuvmtvcyxo5zhbwyyyicdtpg7sjivrffkdcwarya","display_name":null,"filter":[],"state":null},"after_unknown":{"filter":[],"id":true,"options":true,"vcn_id":true},"before_sensitive":false,"after_sensitive":{"filter":[],"options":[]}},"action_reason":"read_because_config_unknown"},{"address":"module.subnet[0].oci_core_subnet.vcn_subnet[\"sub1\"]","module_address":"module.subnet[0]","mode":"managed","type":"oci_core_subnet","name":"vcn_subnet","index":"sub1","provider_name":"registry.terraform.io/oracle/oci","change":{"actions":["create"],"before":null,"after":{"cidr_block":"10.0.4.0/24","compartment_id":"ocid1.compartment.oc1..aaaaaaaaoelxgznolu5rxuvmtvcyxo5zhbwyyyicdtpg7sjivrffkdcwarya","display_name":"subnet1","freeform_tags":{"environment":"dev"},"prohibit_public_ip_on_vnic":false,"timeouts":null},"after_unknown":{"availability_domain":true,"defined_tags":true,"dhcp_options_id":true,"dns_label":true,"freeform_tags":{},"id":true,"ipv6cidr_block":true,"ipv6cidr_blocks":true,"ipv6virtual_router_ip":true,"prohibit_internet_ingress":true,"route_table_id":true,"security_list_ids":true,"state":true,"subnet_domain_name":true,"time_created":true,"vcn_id":true,"virtual_router_ip":true,"virtual_router_mac":true},"before_sensitive":false,"after_sensitive":{"defined_tags":{},"freeform_tags":{},"ipv6cidr_blocks":[],"security_list_ids":[]}}},{"address":"module.subnet[0].oci_core_subnet.vcn_subnet[\"sub2\"]","module_address":"module.subnet[0]","mode":"managed","type":"oci_core_subnet","name":"vcn_subnet","index":"sub2","provider_name":"registry.terraform.io/oracle/oci","change":{"actions":["create"],"before":null,"after":{"cidr_block":"10.0.5.0/24","compartment_id":"ocid1.compartment.oc1..aaaaaaaaoelxgznolu5rxuvmtvcyxo5zhbwyyyicdtpg7sjivrffkdcwarya","display_name":"sub2","freeform_tags":{"environment":"dev"},"prohibit_public_ip_on_vnic":true,"timeouts":null},"after_unknown":{"availability_domain":true,"defined_tags":true,"dhcp_options_id":true,"dns_label":true,"freeform_tags":{},"id":true,"ipv6cidr_block":true,"ipv6cidr_blocks":true,"ipv6virtual_router_ip":true,"prohibit_internet_ingress":true,"route_table_id":true,"security_list_ids":true,"state":true,"subnet_domain_name":true,"time_created":true,"vcn_id":true,"virtual_router_ip":true,"virtual_router_mac":true},"before_sensitive":false,"after_sensitive":{"defined_tags":{},"freeform_tags":{},"ipv6cidr_blocks":[],"security_list_ids":[]}}}],"output_changes":{"ig_route_all_attributes":{"actions":["create"],"before":null,"after":{"0":{"compartment_id":"ocid1.compartment.oc1..aaaaaaaaoelxgznolu5rxuvmtvcyxo5zhbwyyyicdtpg7sjivrffkdcwarya","defined_tags":{"Operations.CostCenter":"42"},"display_name":"internet-route","freeform_tags":{"environment":"dev"},"route_rules":[{"description":"Terraformed - Auto-generated at Internet Gateway creation: Internet Gateway as default gateway","destination":"0.0.0.0/0"},{"description":"Terraformed - User added Routing Rule: To Internet Gateway created by this module. internet_gateway_id is automatically retrieved with keyword internet_gateway","destination":"203.0.113.0/24","destination_type":"CIDR_BLOCK"}],"timeouts":null}},"after_unknown":{"0":{"defined_tags":{},"freeform_tags":{},"id":true,"route_rules":[{"cidr_block":true,"destination_type":true,"network_entity_id":true,"route_type":true},{"cidr_block":true,"network_entity_id":true,"route_type":true}],"state":true,"time_created":true,"vcn_id":true}},"before_sensitive":false,"after_sensitive":false},"ig_route_id":{"actions":["create"],"before":null,"after_unknown":true,"before_sensitive":false,"after_sensitive":false},"internet_gateway_all_attributes":{"actions":["create"],"before":null,"after":{"0":{"compartment_id":"ocid1.compartment.oc1..aaaaaaaaoelxgznolu5rxuvmtvcyxo5zhbwyyyicdtpg7sjivrffkdcwarya","defined_tags":{"Operations.CostCenter":"42"},"display_name":"internet-gateway","enabled":true,"freeform_tags":{"environment":"dev"},"timeouts":null}},"after_unknown":{"0":{"defined_tags":{},"freeform_tags":{},"id":true,"route_table_id":true,"state":true,"time_created":true,"vcn_id":true}},"before_sensitive":false,"after_sensitive":false},"internet_gateway_id":{"actions":["create"],"before":null,"after_unknown":true,"before_sensitive":false,"after_sensitive":false},"lpg_all_attributes":{"actions":["create"],"before":null,"after":{},"after_unknown":false,"before_sensitive":false,"after_sensitive":false},"nat_gateway_all_attributes":{"actions":["create"],"before":null,"after":{"0":{"compartment_id":"ocid1.compartment.oc1..aaaaaaaaoelxgznolu5rxuvmtvcyxo5zhbwyyyicdtpg7sjivrffkdcwarya","defined_tags":{"Operations.CostCenter":"42"},"display_name":"nat-gateway","freeform_tags":{"environment":"dev"},"timeouts":null}},"after_unknown":{"0":{"block_traffic":true,"defined_tags":{},"freeform_tags":{},"id":true,"nat_ip":true,"public_ip_id":true,"route_table_id":true,"state":true,"time_created":true,"vcn_id":true}},"before_sensitive":false,"after_sensitive":false},"nat_gateway_id":{"actions":["create"],"before":null,"after_unknown":true,"before_sensitive":false,"after_sensitive":false},"nat_route_all_attributes":{"actions":["create"],"before":null,"after":{"0":{"compartment_id":"ocid1.compartment.oc1..aaaaaaaaoelxgznolu5rxuvmtvcyxo5zhbwyyyicdtpg7sjivrffkdcwarya","defined_tags":{"Operations.CostCenter":"42"},"display_name":"nat-route","freeform_tags":{"environment":"dev"},"route_rules":[{"description":"Terraformed - Auto-generated at NAT Gateway creation: NAT Gateway as default gateway","destination":"0.0.0.0/0","destination_type":"CIDR_BLOCK"},{"description":"Terraformed - User added Routing Rule: To NAT Gateway created by this module. nat_gateway_id is automatically retrieved with keyword nat_gateway","destination":"203.0.113.0/24","destination_type":"CIDR_BLOCK"}],"timeouts":null}},"after_unknown":{"0":{"defined_tags":{},"freeform_tags":{},"id":true,"route_rules":[{"cidr_block":true,"network_entity_id":true,"route_type":true},{"cidr_block":true,"network_entity_id":true,"route_type":true}],"state":true,"time_created":true,"vcn_id":true}},"before_sensitive":false,"after_sensitive":false},"nat_route_id":{"actions":["create"],"before":null,"after_unknown":true,"before_sensitive":false,"after_sensitive":false},"service_gateway_all_attributes":{"actions":["create"],"before":null,"after":{"0":{"compartment_id":"ocid1.compartment.oc1..aaaaaaaaoelxgznolu5rxuvmtvcyxo5zhbwyyyicdtpg7sjivrffkdcwarya","defined_tags":{"Operations.CostCenter":"42"},"display_name":"service-gateway","freeform_tags":{"environment":"dev"},"services":[{"service_id":"ocid1.service.oc1.ap-mumbai-1.aaaaaaaalgcbq3vrynslsik576exhjek25p2j5abr6fpcrrsfr4d6h27jikq"}],"timeouts":null}},"after_unknown":{"0":{"block_traffic":true,"defined_tags":{},"freeform_tags":{},"id":true,"route_table_id":true,"services":[{"service_name":true}],"state":true,"time_created":true,"vcn_id":true}},"before_sensitive":false,"after_sensitive":false},"service_gateway_id":{"actions":["create"],"before":null,"after_unknown":true,"before_sensitive":false,"after_sensitive":false},"sgw_route_id":{"actions":["create"],"before":null,"after_unknown":true,"before_sensitive":false,"after_sensitive":false},"subnet_all_attributes":{"actions":["create"],"before":null,"after_unknown":true,"before_sensitive":false,"after_sensitive":false},"subnet_id":{"actions":["create"],"before":null,"after_unknown":true,"before_sensitive":false,"after_sensitive":false},"vcn_all_attributes":{"actions":["create"],"before":null,"after":{"cidr_blocks":["10.0.0.0/16"],"compartment_id":"ocid1.compartment.oc1..aaaaaaaaoelxgznolu5rxuvmtvcyxo5zhbwyyyicdtpg7sjivrffkdcwarya","defined_tags":{"Operations.CostCenter":"42"},"display_name":"ds-vcn","dns_label":"vcn","freeform_tags":{"environment":"dev"},"is_ipv6enabled":false,"timeouts":null},"after_unknown":{"byoipv6cidr_blocks":true,"byoipv6cidr_details":true,"cidr_block":true,"cidr_blocks":[false],"default_dhcp_options_id":true,"default_route_table_id":true,"default_security_list_id":true,"defined_tags":{},"freeform_tags":{},"id":true,"ipv6cidr_blocks":true,"ipv6private_cidr_blocks":true,"is_oracle_gua_allocation_enabled":true,"state":true,"time_created":true,"vcn_domain_name":true},"before_sensitive":false,"after_sensitive":false},"vcn_id":{"actions":["create"],"before":null,"after_unknown":true,"before_sensitive":false,"after_sensitive":false}},"prior_state":{"format_version":"1.0","terraform_version":"1.5.5","values":{"outputs":{"lpg_all_attributes":{"sensitive":false,"value":{},"type":["object",{}]}},"root_module":{"resources":[{"address":"data.oci_core_services.all_oci_services[0]","mode":"data","type":"oci_core_services","name":"all_oci_services","index":0,"provider_name":"registry.terraform.io/oracle/oci","schema_version":0,"values":{"filter":[{"name":"name","regex":true,"values":["All .* Services In Oracle Services Network"]}],"id":"CoreServicesDataSource-0","services":[{"cidr_block":"all-bom-services-in-oracle-services-network","description":"All BOM Services In Oracle Services Network","id":"ocid1.service.oc1.ap-mumbai-1.aaaaaaaalgcbq3vrynslsik576exhjek25p2j5abr6fpcrrsfr4d6h27jikq","name":"All BOM Services In Oracle Services Network"}]},"sensitive_values":{"filter":[{"values":[false]}],"services":[{}]}}]}}},"configuration":{"provider_config":{"oci":{"name":"oci","full_name":"registry.terraform.io/oracle/oci","version_constraint":"\u003e= 4.67.3"}},"root_module":{"outputs":{"ig_route_all_attributes":{"expression":{"references":["oci_core_route_table.ig"]},"description":"all attributes of created ig route table"},"ig_route_id":{"expression":{"references":["oci_core_route_table.ig"]},"description":"id of internet gateway route table"},"internet_gateway_all_attributes":{"expression":{"references":["oci_core_internet_gateway.ig"]},"description":"all attributes of created internet gateway"},"internet_gateway_id":{"expression":{"references":["oci_core_internet_gateway.ig"]},"description":"id of internet gateway if it is created"},"lpg_all_attributes":{"expression":{"references":["oci_core_local_peering_gateway.lpg"]},"description":"all attributes of created lpg"},"nat_gateway_all_attributes":{"expression":{"references":["oci_core_nat_gateway.nat_gateway"]},"description":"all attributes of created nat gateway"},"nat_gateway_id":{"expression":{"references":["oci_core_nat_gateway.nat_gateway"]},"description":"id of nat gateway if it is created"},"nat_route_all_attributes":{"expression":{"references":["oci_core_route_table.nat"]},"description":"all attributes of created nat gateway route table"},"nat_route_id":{"expression":{"references":["oci_core_route_table.nat"]},"description":"id of VCN NAT gateway route table"},"service_gateway_all_attributes":{"expression":{"references":["oci_core_service_gateway.service_gateway"]},"description":"all attributes of created service gateway"},"service_gateway_id":{"expression":{"references":["oci_core_service_gateway.service_gateway"]},"description":"id of service gateway if it is created"},"sgw_route_id":{"expression":{"references":["oci_core_route_table.service_gw"]},"description":"id of VCN Service gateway route table"},"subnet_all_attributes":{"expression":{"references":["module.subnet[0].all_attributes","module.subnet[0]"]}},"subnet_id":{"expression":{"references":["module.subnet[0].subnet_id","module.subnet[0]"]}},"vcn_all_attributes":{"expression":{"references":["oci_core_vcn.vcn"]},"description":"all attributes of created vcn"},"vcn_id":{"expression":{"references":["oci_core_vcn.vcn.id","oci_core_vcn.vcn"]},"description":"id of vcn that is created"}},"resources":[{"address":"oci_core_default_security_list.restore_default","mode":"managed","type":"oci_core_default_security_list","name":"restore_default","provider_config_key":"oci","expressions":{"egress_security_rules":[{"destination":{"constant_value":"0.0.0.0/0"},"protocol":{"constant_value":"all"}}],"ingress_security_rules":[{"protocol":{"constant_value":"6"},"source":{"constant_value":"0.0.0.0/0"},"tcp_options":[{"max":{"constant_value":22},"min":{"constant_value":22}}]},{"protocol":{"constant_value":"6"},"source":{"constant_value":"0.0.0.0/0"},"tcp_options":[{"max":{"constant_value":3306},"min":{"constant_value":3306}}]},{"protocol":{"constant_value":"6"},"source":{"constant_value":"0.0.0.0/0"},"tcp_options":[{"max":{"constant_value":1521},"min":{"constant_value":1521}}]},{"icmp_options":[{"code":{"constant_value":"4"},"type":{"constant_value":"3"}}],"protocol":{"constant_value":"1"},"source":{"constant_value":"0.0.0.0/0"}}],"manage_default_resource_id":{"references":["oci_core_vcn.vcn.default_security_list_id","oci_core_vcn.vcn"]}},"schema_version":0,"count_expression":{"references":["var.lockdown_default_seclist"]}},{"address":"oci_core_internet_gateway.ig","mode":"managed","type":"oci_core_internet_gateway","name":"ig","provider_config_key":"oci","expressions":{"compartment_id":{"references":["var.compartment_id"]},"defined_tags":{"references":["var.defined_tags"]},"display_name":{"references":["var.label_prefix","var.internet_gateway_display_name","var.label_prefix","var.internet_gateway_display_name"]},"freeform_tags":{"references":["var.freeform_tags"]},"vcn_id":{"references":["oci_core_vcn.vcn.id","oci_core_vcn.vcn"]}},"schema_version":0,"count_expression":{"references":["var.create_internet_gateway"]}},{"address":"oci_core_local_peering_gateway.lpg","mode":"managed","type":"oci_core_local_peering_gateway","name":"lpg","provider_config_key":"oci","expressions":{"compartment_id":{"references":["var.compartment_id"]},"defined_tags":{"references":["var.defined_tags"]},"display_name":{"references":["var.label_prefix","each.key","var.label_prefix","each.key"]},"freeform_tags":{"references":["var.freeform_tags"]},"peer_id":{"references":["each.value.peer_id","each.value","each.value.peer_id","each.value"]},"route_table_id":{"references":["each.value.route_table_id","each.value","each.value.route_table_id","each.value"]},"vcn_id":{"references":["oci_core_vcn.vcn.id","oci_core_vcn.vcn"]}},"schema_version":0,"for_each_expression":{"references":["var.local_peering_gateways","var.local_peering_gateways"]}},{"address":"oci_core_nat_gateway.nat_gateway","mode":"managed","type":"oci_core_nat_gateway","name":"nat_gateway","provider_config_key":"oci","expressions":{"compartment_id":{"references":["var.compartment_id"]},"defined_tags":{"references":["var.defined_tags"]},"display_name":{"references":["var.label_prefix","var.nat_gateway_display_name","var.label_prefix","var.nat_gateway_display_name"]},"freeform_tags":{"references":["var.freeform_tags"]},"public_ip_id":{"references":["var.nat_gateway_public_ip_id","var.nat_gateway_public_ip_id"]},"vcn_id":{"references":["oci_core_vcn.vcn.id","oci_core_vcn.vcn"]}},"schema_version":0,"count_expression":{"references":["var.create_nat_gateway"]}},{"address":"oci_core_route_table.ig","mode":"managed","type":"oci_core_route_table","name":"ig","provider_config_key":"oci","expressions":{"compartment_id":{"references":["var.compartment_id"]},"defined_tags":{"references":["var.defined_tags"]},"display_name":{"references":["var.label_prefix","var.label_prefix"]},"freeform_tags":{"references":["var.freeform_tags"]},"route_rules":[{"description":{"constant_value":"Terraformed - Auto-generated at Internet Gateway creation: Internet Gateway as default gateway"},"destination":{"references":["local.anywhere"]},"network_entity_id":{"references":["oci_core_internet_gateway.ig[0].id","oci_core_internet_gateway.ig[0]","oci_core_internet_gateway.ig"]}}],"vcn_id":{"references":["oci_core_vcn.vcn.id","oci_core_vcn.vcn"]}},"schema_version":0,"count_expression":{"references":["var.create_internet_gateway"]}},{"address":"oci_core_route_table.nat","mode":"managed","type":"oci_core_route_table","name":"nat","provider_config_key":"oci","expressions":{"compartment_id":{"references":["var.compartment_id"]},"defined_tags":{"references":["var.defined_tags"]},"display_name":{"references":["var.label_prefix","var.label_prefix"]},"freeform_tags":{"references":["var.freeform_tags"]},"route_rules":[{"description":{"constant_value":"Terraformed - Auto-generated at NAT Gateway creation: NAT Gateway as default gateway"},"destination":{"references":["local.anywhere"]},"destination_type":{"constant_value":"CIDR_BLOCK"},"network_entity_id":{"references":["oci_core_nat_gateway.nat_gateway[0].id","oci_core_nat_gateway.nat_gateway[0]","oci_core_nat_gateway.nat_gateway"]}}],"vcn_id":{"references":["oci_core_vcn.vcn.id","oci_core_vcn.vcn"]}},"schema_version":0,"count_expression":{"references":["var.create_nat_gateway"]}},{"address":"oci_core_route_table.service_gw","mode":"managed","type":"oci_core_route_table","name":"service_gw","provider_config_key":"oci","expressions":{"compartment_id":{"references":["var.compartment_id"]},"defined_tags":{"references":["var.defined_tags"]},"display_name":{"references":["var.label_prefix","var.label_prefix"]},"freeform_tags":{"references":["var.freeform_tags"]},"vcn_id":{"references":["oci_core_vcn.vcn.id","oci_core_vcn.vcn"]}},"schema_version":0,"count_expression":{"references":["var.create_service_gateway"]}},{"address":"oci_core_service_gateway.service_gateway","mode":"managed","type":"oci_core_service_gateway","name":"service_gateway","provider_config_key":"oci","expressions":{"compartment_id":{"references":["var.compartment_id"]},"defined_tags":{"references":["var.defined_tags"]},"display_name":{"references":["var.label_prefix","var.service_gateway_display_name","var.label_prefix","var.service_gateway_display_name"]},"freeform_tags":{"references":["var.freeform_tags"]},"services":[{"service_id":{"references":["data.oci_core_services.all_oci_services[0].services[0]","data.oci_core_services.all_oci_services[0].services","data.oci_core_services.all_oci_services[0]","data.oci_core_services.all_oci_services"]}}],"vcn_id":{"references":["oci_core_vcn.vcn.id","oci_core_vcn.vcn"]}},"schema_version":0,"count_expression":{"references":["var.create_service_gateway"]}},{"address":"oci_core_vcn.vcn","mode":"managed","type":"oci_core_vcn","name":"vcn","provider_config_key":"oci","expressions":{"cidr_blocks":{"references":["var.vcn_cidrs"]},"compartment_id":{"references":["var.compartment_id"]},"defined_tags":{"references":["var.defined_tags"]},"display_name":{"references":["var.label_prefix","var.vcn_name","var.label_prefix","var.vcn_name"]},"dns_label":{"references":["var.vcn_dns_label"]},"freeform_tags":{"references":["var.freeform_tags"]},"is_ipv6enabled":{"references":["var.enable_ipv6"]}},"schema_version":0},{"address":"data.oci_core_services.all_oci_services","mode":"data","type":"oci_core_services","name":"all_oci_services","provider_config_key":"oci","expressions":{"filter":[{"name":{"constant_value":"name"},"regex":{"constant_value":true},"values":{"constant_value":["All .* Services In Oracle Services Network"]}}]},"schema_version":0,"count_expression":{"references":["var.create_service_gateway"]}}],"module_calls":{"subnet":{"source":"./modules/subnet","expressions":{"compartment_id":{"references":["var.compartment_id"]},"enable_ipv6":{"references":["var.enable_ipv6"]},"freeform_tags":{"references":["var.freeform_tags"]},"ig_route_id":{"references":["var.create_internet_gateway","oci_core_route_table.ig[0].id","oci_core_route_table.ig[0]","oci_core_route_table.ig"]},"nat_route_id":{"references":["var.create_nat_gateway","oci_core_route_table.nat[0].id","oci_core_route_table.nat[0]","oci_core_route_table.nat"]},"subnets":{"references":["var.subnets"]},"vcn_id":{"references":["oci_core_vcn.vcn.id","oci_core_vcn.vcn"]}},"count_expression":{"references":["var.subnets"]},"module":{"outputs":{"all_attributes":{"expression":{"references":["oci_core_subnet.vcn_subnet"]}},"subnet_id":{"expression":{"references":["oci_core_subnet.vcn_subnet"]}}},"resources":[{"address":"oci_core_subnet.vcn_subnet","mode":"managed","type":"oci_core_subnet","name":"vcn_subnet","provider_config_key":"oci","expressions":{"cidr_block":{"references":["each.value.cidr_block","each.value"]},"compartment_id":{"references":["var.compartment_id"]},"defined_tags":{"references":["var.defined_tags"]},"dhcp_options_id":{"references":["local.dhcp_default_options"]},"display_name":{"references":["each.value","each.key"]},"dns_label":{"references":["each.value"]},"freeform_tags":{"references":["var.freeform_tags"]},"prohibit_public_ip_on_vnic":{"references":["each.value"]},"route_table_id":{"references":["each.value","var.ig_route_id","var.nat_route_id"]},"security_list_ids":{"constant_value":null},"vcn_id":{"references":["var.vcn_id"]}},"schema_version":0,"for_each_expression":{"references":["var.subnets"]}},{"address":"data.oci_core_dhcp_options.dhcp_options","mode":"data","type":"oci_core_dhcp_options","name":"dhcp_options","provider_config_key":"oci","expressions":{"compartment_id":{"references":["var.compartment_id"]},"vcn_id":{"references":["var.vcn_id"]}},"schema_version":0}],"variables":{"compartment_id":{"description":"compartment id where to create all resources"},"defined_tags":{"default":null,"description":"predefined and scoped to a namespace to tag the resources created using defined tags."},"enable_ipv6":{"default":false,"description":"Enable IPV6"},"freeform_tags":{"default":{"module":"oracle-terraform-modules/vcn/oci","terraformed":"Please do not edit manually"},"description":"simple key-value pairs to tag the created resources using freeform OCI Free-form tags."},"ig_route_id":{"description":"Internet Gateway route table id"},"nat_route_id":{"description":"NAT Gateway route table id"},"subnets":{"default":{},"description":"Subnets to be created"},"vcn_id":{"description":"VCN ID"}}}}},"variables":{"attached_drg_id":{"default":null,"description":"the ID of DRG attached to the VCN"},"compartment_id":{"description":"compartment id where to create all resources"},"create_internet_gateway":{"default":false,"description":"whether to create the internet gateway in the vcn. If set to true, creates an Internet Gateway."},"create_nat_gateway":{"default":false,"description":"whether to create a nat gateway in the vcn. If set to true, creates a nat gateway."},"create_service_gateway":{"default":false,"description":"whether to create a service gateway. If set to true, creates a service gateway."},"defined_tags":{"default":null,"description":"predefined and scoped to a namespace to tag the resources created using defined tags."},"enable_ipv6":{"default":false,"description":"Whether IPv6 is enabled for the VCN. If enabled, Oracle will assign the VCN a IPv6 /56 CIDR block."},"freeform_tags":{"default":{"module":"oracle-terraform-modules/vcn/oci","terraformed":"Please do not edit manually"},"description":"simple key-value pairs to tag the created resources using freeform OCI Free-form tags."},"internet_gateway_display_name":{"default":"internet-gateway","description":"(Updatable) Name of Internet Gateway. Does not have to be unique."},"internet_gateway_route_rules":{"default":null,"description":"(Updatable) List of routing rules to add to Internet Gateway Route Table"},"label_prefix":{"default":"none","description":"a string that will be prepended to all resources"},"local_peering_gateways":{"default":null,"description":"Map of Local Peering Gateways to attach to the VCN."},"lockdown_default_seclist":{"default":true,"description":"whether to remove all default security rules from the VCN Default Security List"},"nat_gateway_display_name":{"default":"nat-gateway","description":"(Updatable) Name of NAT Gateway. Does not have to be unique."},"nat_gateway_public_ip_id":{"default":"none","description":"OCID of reserved IP address for NAT gateway. The reserved public IP address needs to be manually created."},"nat_gateway_route_rules":{"default":null,"description":"(Updatable) list of routing rules to add to NAT Gateway Route Table"},"region":{"default":null,"description":"the OCI region where resources will be created"},"service_gateway_display_name":{"default":"service-gateway","description":"(Updatable) Name of Service Gateway. Does not have to be unique."},"subnets":{"default":{},"description":"Private or Public subnets in a VCN"},"vcn_cidrs":{"default":["10.0.0.0/16"],"description":"The list of IPv4 CIDR blocks the VCN will use."},"vcn_dns_label":{"default":"vcnmodule","description":"A DNS label for the VCN, used in conjunction with the VNIC's hostname and subnet's DNS label to form a fully qualified domain name (FQDN) for each VNIC within this subnet. DNS resolution of hostnames in the VCN is disabled when null."},"vcn_name":{"default":"vcn","description":"user-friendly name of to use for the vcn to be appended to the label_prefix"}}}},"relevant_attributes":[{"resource":"data.oci_core_services.all_oci_services[0]","attribute":["services",0]},{"resource":"oci_core_service_gateway.service_gateway[0]","attribute":["id"]},{"resource":"oci_core_route_table.ig","attribute":[]},{"resource":"module.subnet[0].oci_core_subnet.vcn_subnet","attribute":[]},{"resource":"oci_core_route_table.nat[0]","attribute":["id"]},{"resource":"oci_core_vcn.vcn","attribute":["cidr_blocks"]},{"resource":"oci_core_vcn.vcn","attribute":[]},{"resource":"oci_core_route_table.service_gw","attribute":[]},{"resource":"oci_core_route_table.ig[0]","attribute":["id"]},{"resource":"oci_core_vcn.vcn","attribute":["id"]},{"resource":"oci_core_internet_gateway.ig[0]","attribute":["id"]},{"resource":"oci_core_vcn.vcn","attribute":["default_security_list_id"]},{"resource":"oci_core_local_peering_gateway.lpg","attribute":[]},{"resource":"oci_core_route_table.nat","attribute":[]},{"resource":"oci_core_service_gateway.service_gateway","attribute":[]},{"resource":"oci_core_nat_gateway.nat_gateway[0]","attribute":["id"]},{"resource":"oci_core_nat_gateway.nat_gateway","attribute":[]},{"resource":"oci_core_internet_gateway.ig","attribute":[]},{"resource":"module.subnet[0].data.oci_core_dhcp_options.dhcp_options","attribute":["options",0,"id"]}],"timestamp":"2023-08-12T09:50:50Z"}
